
Microsoft Visual Studio Solution File, Format Version 12.00
# Visual Studio 15
VisualStudioVersion = 15.0.28307.1000
MinimumVisualStudioVersion = 10.0.40219.1
Project("{FAE04EC0-301F-11D3-BF4B-00C04F79EFBC}") = "IMS.Android", "IMS\IMS.Android\IMS.Android.csproj", "{1A2B10AA-8A6A-4B80-B20A-4DB33644834C}"
EndProject
Project("{FAE04EC0-301F-11D3-BF4B-00C04F79EFBC}") = "IMS.iOS", "IMS\IMS.iOS\IMS.iOS.csproj", "{CF57EE2B-FB0E-4E10-A4B9-E3B0A920836E}"
EndProject
Project("{9A19103F-16F7-4668-BE54-9A1E7A4F7556}") = "IMS", "IMS\IMS\IMS.csproj", "{E26A6344-2156-4130-BCEE-3EAB0618EB1F}"
EndProject
Global
	GlobalSection(SolutionConfigurationPlatforms) = preSolution
		Ad-Hoc|Any CPU = Ad-Hoc|Any CPU
		Ad-Hoc|iPhone = Ad-Hoc|iPhone
		Ad-Hoc|iPhoneSimulator = Ad-Hoc|iPhoneSimulator
		AppStore|Any CPU = AppStore|Any CPU
		AppStore|iPhone = AppStore|iPhone
		AppStore|iPhoneSimulator = AppStore|iPhoneSimulator
		Debug|Any CPU = Debug|Any CPU
		Debug|iPhone = Debug|iPhone
		Debug|iPhoneSimulator = Debug|iPhoneSimulator
		Release|Any CPU = Release|Any CPU
		Release|iPhone = Release|iPhone
		Release|iPhoneSimulator = Release|iPhoneSimulator
	EndGlobalSection
	GlobalSection(ProjectConfigurationPlatforms) = postSolution
		{1A2B10AA-8A6A-4B80-B20A-4DB33644834C}.Ad-Hoc|Any CPU.ActiveCfg = Release|Any CPU
		{1A2B10AA-8A6A-4B80-B20A-4DB33644834C}.Ad-Hoc|Any CPU.Build.0 = Release|Any CPU
		{1A2B10AA-8A6A-4B80-B20A-4DB33644834C}.Ad-Hoc|Any CPU.Deploy.0 = Release|Any CPU
		{1A2B10AA-8A6A-4B80-B20A-4DB33644834C}.Ad-Hoc|iPhone.ActiveCfg = Release|Any CPU
		{1A2B10AA-8A6A-4B80-B20A-4DB33644834C}.Ad-Hoc|iPhone.Build.0 = Release|Any CPU
		{1A2B10AA-8A6A-4B80-B20A-4DB33644834C}.Ad-Hoc|iPhone.Deploy.0 = Release|Any CPU
		{1A2B10AA-8A6A-4B80-B20A-4DB33644834C}.Ad-Hoc|iPhoneSimulator.ActiveCfg = Release|Any CPU
		{1A2B10AA-8A6A-4B80-B20A-4DB33644834C}.Ad-Hoc|iPhoneSimulator.Build.0 = Release|Any CPU
		{1A2B10AA-8A6A-4B80-B20A-4DB33644834C}.Ad-Hoc|iPhoneSimulator.Deploy.0 = Release|Any CPU
		{1A2B10AA-8A6A-4B80-B20A-4DB33644834C}.AppStore|Any CPU.ActiveCfg = Release|Any CPU
		{1A2B10AA-8A6A-4B80-B20A-4DB33644834C}.AppStore|Any CPU.Build.0 = Release|Any CPU
		{1A2B10AA-8A6A-4B80-B20A-4DB33644834C}.AppStore|Any CPU.Deploy.0 = Release|Any CPU
		{1A2B10AA-8A6A-4B80-B20A-4DB33644834C}.AppStore|iPhone.ActiveCfg = Release|Any CPU
		{1A2B10AA-8A6A-4B80-B20A-4DB33644834C}.AppStore|iPhone.Build.0 = Release|Any CPU
		{1A2B10AA-8A6A-4B80-B20A-4DB33644834C}.AppStore|iPhone.Deploy.0 = Release|Any CPU
		{1A2B10AA-8A6A-4B80-B20A-4DB33644834C}.AppStore|iPhoneSimulator.ActiveCfg = Release|Any CPU
		{1A2B10AA-8A6A-4B80-B20A-4DB33644834C}.AppStore|iPhoneSimulator.Build.0 = Release|Any CPU
		{1A2B10AA-8A6A-4B80-B20A-4DB33644834C}.AppStore|iPhoneSimulator.Deploy.0 = Release|Any CPU
		{1A2B10AA-8A6A-4B80-B20A-4DB33644834C}.Debug|Any CPU.ActiveCfg = Debug|Any CPU
		{1A2B10AA-8A6A-4B80-B20A-4DB33644834C}.Debug|Any CPU.Build.0 = Debug|Any CPU
		{1A2B10AA-8A6A-4B80-B20A-4DB33644834C}.Debug|Any CPU.Deploy.0 = Debug|Any CPU
		{1A2B10AA-8A6A-4B80-B20A-4DB33644834C}.Debug|iPhone.ActiveCfg = Debug|Any CPU
		{1A2B10AA-8A6A-4B80-B20A-4DB33644834C}.Debug|iPhone.Build.0 = Debug|Any CPU
		{1A2B10AA-8A6A-4B80-B20A-4DB33644834C}.Debug|iPhone.Deploy.0 = Debug|Any CPU
		{1A2B10AA-8A6A-4B80-B20A-4DB33644834C}.Debug|iPhoneSimulator.ActiveCfg = Debug|Any CPU
		{1A2B10AA-8A6A-4B80-B20A-4DB33644834C}.Debug|iPhoneSimulator.Build.0 = Debug|Any CPU
		{1A2B10AA-8A6A-4B80-B20A-4DB33644834C}.Debug|iPhoneSimulator.Deploy.0 = Debug|Any CPU
		{1A2B10AA-8A6A-4B80-B20A-4DB33644834C}.Release|Any CPU.ActiveCfg = Release|Any CPU
		{1A2B10AA-8A6A-4B80-B20A-4DB33644834C}.Release|Any CPU.Build.0 = Release|Any CPU
		{1A2B10AA-8A6A-4B80-B20A-4DB33644834C}.Release|Any CPU.Deploy.0 = Release|Any CPU
		{1A2B10AA-8A6A-4B80-B20A-4DB33644834C}.Release|iPhone.ActiveCfg = Release|Any CPU
		{1A2B10AA-8A6A-4B80-B20A-4DB33644834C}.Release|iPhone.Build.0 = Release|Any CPU
		{1A2B10AA-8A6A-4B80-B20A-4DB33644834C}.Release|iPhone.Deploy.0 = Release|Any CPU
		{1A2B10AA-8A6A-4B80-B20A-4DB33644834C}.Release|iPhoneSimulator.ActiveCfg = Release|Any CPU
		{1A2B10AA-8A6A-4B80-B20A-4DB33644834C}.Release|iPhoneSimulator.Build.0 = Release|Any CPU
		{1A2B10AA-8A6A-4B80-B20A-4DB33644834C}.Release|iPhoneSimulator.Deploy.0 = Release|Any CPU
		{CF57EE2B-FB0E-4E10-A4B9-E3B0A920836E}.Ad-Hoc|Any CPU.ActiveCfg = Ad-Hoc|iPhone
		{CF57EE2B-FB0E-4E10-A4B9-E3B0A920836E}.Ad-Hoc|Any CPU.Build.0 = Ad-Hoc|iPhone
		{CF57EE2B-FB0E-4E10-A4B9-E3B0A920836E}.Ad-Hoc|Any CPU.Deploy.0 = Ad-Hoc|iPhone
		{CF57EE2B-FB0E-4E10-A4B9-E3B0A920836E}.Ad-Hoc|iPhone.ActiveCfg = Ad-Hoc|iPhone
		{CF57EE2B-FB0E-4E10-A4B9-E3B0A920836E}.Ad-Hoc|iPhone.Build.0 = Ad-Hoc|iPhone
		{CF57EE2B-FB0E-4E10-A4B9-E3B0A920836E}.Ad-Hoc|iPhone.Deploy.0 = Ad-Hoc|iPhone
		{CF57EE2B-FB0E-4E10-A4B9-E3B0A920836E}.Ad-Hoc|iPhoneSimulator.ActiveCfg = Ad-Hoc|iPhoneSimulator
		{CF57EE2B-FB0E-4E10-A4B9-E3B0A920836E}.Ad-Hoc|iPhoneSimulator.Build.0 = Ad-Hoc|iPhoneSimulator
		{CF57EE2B-FB0E-4E10-A4B9-E3B0A920836E}.Ad-Hoc|iPhoneSimulator.Deploy.0 = Ad-Hoc|iPhoneSimulator
		{CF57EE2B-FB0E-4E10-A4B9-E3B0A920836E}.AppStore|Any CPU.ActiveCfg = AppStore|iPhone
		{CF57EE2B-FB0E-4E10-A4B9-E3B0A920836E}.AppStore|Any CPU.Build.0 = AppStore|iPhone
		{CF57EE2B-FB0E-4E10-A4B9-E3B0A920836E}.AppStore|Any CPU.Deploy.0 = AppStore|iPhone
		{CF57EE2B-FB0E-4E10-A4B9-E3B0A920836E}.AppStore|iPhone.ActiveCfg = AppStore|iPhone
		{CF57EE2B-FB0E-4E10-A4B9-E3B0A920836E}.AppStore|iPhone.Build.0 = AppStore|iPhone
		{CF57EE2B-FB0E-4E10-A4B9-E3B0A920836E}.AppStore|iPhone.Deploy.0 = AppStore|iPhone
		{CF57EE2B-FB0E-4E10-A4B9-E3B0A920836E}.AppStore|iPhoneSimulator.ActiveCfg = AppStore|iPhoneSimulator
		{CF57EE2B-FB0E-4E10-A4B9-E3B0A920836E}.AppStore|iPhoneSimulator.Build.0 = AppStore|iPhoneSimulator
		{CF57EE2B-FB0E-4E10-A4B9-E3B0A920836E}.AppStore|iPhoneSimulator.Deploy.0 = AppStore|iPhoneSimulator
		{CF57EE2B-FB0E-4E10-A4B9-E3B0A920836E}.Debug|Any CPU.ActiveCfg = Debug|iPhoneSimulator
		{CF57EE2B-FB0E-4E10-A4B9-E3B0A920836E}.Debug|Any CPU.Build.0 = Debug|iPhoneSimulator
		{CF57EE2B-FB0E-4E10-A4B9-E3B0A920836E}.Debug|Any CPU.Deploy.0 = Debug|iPhoneSimulator
		{CF57EE2B-FB0E-4E10-A4B9-E3B0A920836E}.Debug|iPhone.ActiveCfg = Debug|iPhone
		{CF57EE2B-FB0E-4E10-A4B9-E3B0A920836E}.Debug|iPhone.Build.0 = Debug|iPhone
		{CF57EE2B-FB0E-4E10-A4B9-E3B0A920836E}.Debug|iPhone.Deploy.0 = Debug|iPhone
		{CF57EE2B-FB0E-4E10-A4B9-E3B0A920836E}.Debug|iPhoneSimulator.ActiveCfg = Debug|iPhoneSimulator
		{CF57EE2B-FB0E-4E10-A4B9-E3B0A920836E}.Debug|iPhoneSimulator.Build.0 = Debug|iPhoneSimulator
		{CF57EE2B-FB0E-4E10-A4B9-E3B0A920836E}.Debug|iPhoneSimulator.Deploy.0 = Debug|iPhoneSimulator
		{CF57EE2B-FB0E-4E10-A4B9-E3B0A920836E}.Release|Any CPU.ActiveCfg = Release|iPhone
		{CF57EE2B-FB0E-4E10-A4B9-E3B0A920836E}.Release|Any CPU.Build.0 = Release|iPhone
		{CF57EE2B-FB0E-4E10-A4B9-E3B0A920836E}.Release|Any CPU.Deploy.0 = Release|iPhone
		{CF57EE2B-FB0E-4E10-A4B9-E3B0A920836E}.Release|iPhone.ActiveCfg = Release|iPhone
		{CF57EE2B-FB0E-4E10-A4B9-E3B0A920836E}.Release|iPhone.Build.0 = Release|iPhone
		{CF57EE2B-FB0E-4E10-A4B9-E3B0A920836E}.Release|iPhone.Deploy.0 = Release|iPhone
		{CF57EE2B-FB0E-4E10-A4B9-E3B0A920836E}.Release|iPhoneSimulator.ActiveCfg = Release|iPhoneSimulator
		{CF57EE2B-FB0E-4E10-A4B9-E3B0A920836E}.Release|iPhoneSimulator.Build.0 = Release|iPhoneSimulator
		{CF57EE2B-FB0E-4E10-A4B9-E3B0A920836E}.Release|iPhoneSimulator.Deploy.0 = Release|iPhoneSimulator
		{E26A6344-2156-4130-BCEE-3EAB0618EB1F}.Ad-Hoc|Any CPU.ActiveCfg = Debug|Any CPU
		{E26A6344-2156-4130-BCEE-3EAB0618EB1F}.Ad-Hoc|Any CPU.Build.0 = Debug|Any CPU
		{E26A6344-2156-4130-BCEE-3EAB0618EB1F}.Ad-Hoc|Any CPU.Deploy.0 = Debug|Any CPU
		{E26A6344-2156-4130-BCEE-3EAB0618EB1F}.Ad-Hoc|iPhone.ActiveCfg = Debug|Any CPU
		{E26A6344-2156-4130-BCEE-3EAB0618EB1F}.Ad-Hoc|iPhone.Build.0 = Debug|Any CPU
		{E26A6344-2156-4130-BCEE-3EAB0618EB1F}.Ad-Hoc|iPhone.Deploy.0 = Debug|Any CPU
		{E26A6344-2156-4130-BCEE-3EAB0618EB1F}.Ad-Hoc|iPhoneSimulator.ActiveCfg = Debug|Any CPU
		{E26A6344-2156-4130-BCEE-3EAB0618EB1F}.Ad-Hoc|iPhoneSimulator.Build.0 = Debug|Any CPU
		{E26A6344-2156-4130-BCEE-3EAB0618EB1F}.Ad-Hoc|iPhoneSimulator.Deploy.0 = Debug|Any CPU
		{E26A6344-2156-4130-BCEE-3EAB0618EB1F}.AppStore|Any CPU.ActiveCfg = Debug|Any CPU
		{E26A6344-2156-4130-BCEE-3EAB0618EB1F}.AppStore|Any CPU.Build.0 = Debug|Any CPU
		{E26A6344-2156-4130-BCEE-3EAB0618EB1F}.AppStore|Any CPU.Deploy.0 = Debug|Any CPU
		{E26A6344-2156-4130-BCEE-3EAB0618EB1F}.AppStore|iPhone.ActiveCfg = Debug|Any CPU
		{E26A6344-2156-4130-BCEE-3EAB0618EB1F}.AppStore|iPhone.Build.0 = Debug|Any CPU
		{E26A6344-2156-4130-BCEE-3EAB0618EB1F}.AppStore|iPhone.Deploy.0 = Debug|Any CPU
		{E26A6344-2156-4130-BCEE-3EAB0618EB1F}.AppStore|iPhoneSimulator.ActiveCfg = Debug|Any CPU
		{E26A6344-2156-4130-BCEE-3EAB0618EB1F}.AppStore|iPhoneSimulator.Build.0 = Debug|Any CPU
		{E26A6344-2156-4130-BCEE-3EAB0618EB1F}.AppStore|iPhoneSimulator.Deploy.0 = Debug|Any CPU
		{E26A6344-2156-4130-BCEE-3EAB0618EB1F}.Debug|Any CPU.ActiveCfg = Debug|Any CPU
		{E26A6344-2156-4130-BCEE-3EAB0618EB1F}.Debug|Any CPU.Build.0 = Debug|Any CPU
		{E26A6344-2156-4130-BCEE-3EAB0618EB1F}.Debug|Any CPU.Deploy.0 = Debug|Any CPU
		{E26A6344-2156-4130-BCEE-3EAB0618EB1F}.Debug|iPhone.ActiveCfg = Debug|Any CPU
		{E26A6344-2156-4130-BCEE-3EAB0618EB1F}.Debug|iPhone.Build.0 = Debug|Any CPU
		{E26A6344-2156-4130-BCEE-3EAB0618EB1F}.Debug|iPhone.Deploy.0 = Debug|Any CPU
		{E26A6344-2156-4130-BCEE-3EAB0618EB1F}.Debug|iPhoneSimulator.ActiveCfg = Debug|Any CPU
		{E26A6344-2156-4130-BCEE-3EAB0618EB1F}.Debug|iPhoneSimulator.Build.0 = Debug|Any CPU
		{E26A6344-2156-4130-BCEE-3EAB0618EB1F}.Debug|iPhoneSimulator.Deploy.0 = Debug|Any CPU
		{E26A6344-2156-4130-BCEE-3EAB0618EB1F}.Release|Any CPU.ActiveCfg = Release|Any CPU
		{E26A6344-2156-4130-BCEE-3EAB0618EB1F}.Release|Any CPU.Build.0 = Release|Any CPU
		{E26A6344-2156-4130-BCEE-3EAB0618EB1F}.Release|Any CPU.Deploy.0 = Release|Any CPU
		{E26A6344-2156-4130-BCEE-3EAB0618EB1F}.Release|iPhone.ActiveCfg = Release|Any CPU
		{E26A6344-2156-4130-BCEE-3EAB0618EB1F}.Release|iPhone.Build.0 = Release|Any CPU
		{E26A6344-2156-4130-BCEE-3EAB0618EB1F}.Release|iPhone.Deploy.0 = Release|Any CPU
		{E26A6344-2156-4130-BCEE-3EAB0618EB1F}.Release|iPhoneSimulator.ActiveCfg = Release|Any CPU
		{E26A6344-2156-4130-BCEE-3EAB0618EB1F}.Release|iPhoneSimulator.Build.0 = Release|Any CPU
		{E26A6344-2156-4130-BCEE-3EAB0618EB1F}.Release|iPhoneSimulator.Deploy.0 = Release|Any CPU
	EndGlobalSection
	GlobalSection(SolutionProperties) = preSolution
		HideSolutionNode = FALSE
	EndGlobalSection
	GlobalSection(ExtensibilityGlobals) = postSolution
		SolutionGuid = {273CAA9D-AF2B-4736-B049-428225BEA209}
	EndGlobalSection
EndGlobal
